// !$*UTF8*$!
{
	archiveVersion = 1;
	classes = {
	};
	objectVersion = 56;
	objects = {

/* Begin PBXBuildFile section */
		7583A5A22A6721C8009E6554 /* AppDelegate.swift in Sources */ = {isa = PBXBuildFile; fileRef = 7583A5A12A6721C8009E6554 /* AppDelegate.swift */; };
		7583A5A62A6721C8009E6554 /* Actions.sks in Resources */ = {isa = PBXBuildFile; fileRef = 7583A5A52A6721C8009E6554 /* Actions.sks */; };
		7583A5A82A6721C8009E6554 /* GameScene.swift in Sources */ = {isa = PBXBuildFile; fileRef = 7583A5A72A6721C8009E6554 /* GameScene.swift */; };
		7583A5AA2A6721C8009E6554 /* GameViewController.swift in Sources */ = {isa = PBXBuildFile; fileRef = 7583A5A92A6721C8009E6554 /* GameViewController.swift */; };
		7583A5AD2A6721C8009E6554 /* Main.storyboard in Resources */ = {isa = PBXBuildFile; fileRef = 7583A5AB2A6721C8009E6554 /* Main.storyboard */; };
		7583A5AF2A6721C9009E6554 /* Assets.xcassets in Resources */ = {isa = PBXBuildFile; fileRef = 7583A5AE2A6721C9009E6554 /* Assets.xcassets */; };
		7583A5B22A6721C9009E6554 /* LaunchScreen.storyboard in Resources */ = {isa = PBXBuildFile; fileRef = 7583A5B02A6721C9009E6554 /* LaunchScreen.storyboard */; };
		7583A5B92A672287009E6554 /* GameScene.sks in Resources */ = {isa = PBXBuildFile; fileRef = 7583A5B82A672287009E6554 /* GameScene.sks */; };
		7583A5C22A6B2CBC009E6554 /* FirebaseAuth in Frameworks */ = {isa = PBXBuildFile; productRef = 7583A5C12A6B2CBC009E6554 /* FirebaseAuth */; };
		7583A5C52A6B2FE9009E6554 /* String.swift in Sources */ = {isa = PBXBuildFile; fileRef = 7583A5C42A6B2FE9009E6554 /* String.swift */; };
		7583A5C72A6B31CA009E6554 /* GoogleService-Info.plist in Resources */ = {isa = PBXBuildFile; fileRef = 7583A5C62A6B31CA009E6554 /* GoogleService-Info.plist */; };
		7583A5CB2A6B33AF009E6554 /* NewAccountView.swift in Sources */ = {isa = PBXBuildFile; fileRef = 7583A5CA2A6B33AF009E6554 /* NewAccountView.swift */; };
		7583A5CD2A6B33F4009E6554 /* InsideAppView.swift in Sources */ = {isa = PBXBuildFile; fileRef = 7583A5CC2A6B33F4009E6554 /* InsideAppView.swift */; };
		7583A5D32A6B3603009E6554 /* LoginView.sks in Resources */ = {isa = PBXBuildFile; fileRef = 7583A5D22A6B3603009E6554 /* LoginView.sks */; };
		7583A5D72A6B36C5009E6554 /* LoginView.swift in Sources */ = {isa = PBXBuildFile; fileRef = 7583A5D62A6B36C5009E6554 /* LoginView.swift */; };
/* End PBXBuildFile section */

/* Begin PBXFileReference section */
		7583A59E2A6721C8009E6554 /* AvocadoRun.app */ = {isa = PBXFileReference; explicitFileType = wrapper.application; includeInIndex = 0; path = AvocadoRun.app; sourceTree = BUILT_PRODUCTS_DIR; };
		7583A5A12A6721C8009E6554 /* AppDelegate.swift */ = {isa = PBXFileReference; lastKnownFileType = sourcecode.swift; path = AppDelegate.swift; sourceTree = "<group>"; };
		7583A5A52A6721C8009E6554 /* Actions.sks */ = {isa = PBXFileReference; lastKnownFileType = file.sks; path = Actions.sks; sourceTree = "<group>"; };
		7583A5A72A6721C8009E6554 /* GameScene.swift */ = {isa = PBXFileReference; lastKnownFileType = sourcecode.swift; path = GameScene.swift; sourceTree = "<group>"; };
		7583A5A92A6721C8009E6554 /* GameViewController.swift */ = {isa = PBXFileReference; lastKnownFileType = sourcecode.swift; path = GameViewController.swift; sourceTree = "<group>"; };
		7583A5AC2A6721C8009E6554 /* Base */ = {isa = PBXFileReference; lastKnownFileType = file.storyboard; name = Base; path = Base.lproj/Main.storyboard; sourceTree = "<group>"; };
		7583A5AE2A6721C9009E6554 /* Assets.xcassets */ = {isa = PBXFileReference; lastKnownFileType = folder.assetcatalog; path = Assets.xcassets; sourceTree = "<group>"; };
		7583A5B12A6721C9009E6554 /* Base */ = {isa = PBXFileReference; lastKnownFileType = file.storyboard; name = Base; path = Base.lproj/LaunchScreen.storyboard; sourceTree = "<group>"; };
		7583A5B82A672287009E6554 /* GameScene.sks */ = {isa = PBXFileReference; lastKnownFileType = file.sks; path = GameScene.sks; sourceTree = "<group>"; };
		7583A5C42A6B2FE9009E6554 /* String.swift */ = {isa = PBXFileReference; lastKnownFileType = sourcecode.swift; name = String.swift; path = "../../../../../../.Trash/AvocadoRun 4.57.01 PM/AvocadoRun/String.swift"; sourceTree = "<group>"; };
		7583A5C62A6B31CA009E6554 /* GoogleService-Info.plist */ = {isa = PBXFileReference; fileEncoding = 4; lastKnownFileType = text.plist.xml; name = "GoogleService-Info.plist"; path = "../../../../../Downloads/GoogleService-Info.plist"; sourceTree = "<group>"; };
		7583A5CA2A6B33AF009E6554 /* NewAccountView.swift */ = {isa = PBXFileReference; lastKnownFileType = sourcecode.swift; path = NewAccountView.swift; sourceTree = "<group>"; };
		7583A5CC2A6B33F4009E6554 /* InsideAppView.swift */ = {isa = PBXFileReference; lastKnownFileType = sourcecode.swift; path = InsideAppView.swift; sourceTree = "<group>"; };
		7583A5D22A6B3603009E6554 /* LoginView.sks */ = {isa = PBXFileReference; lastKnownFileType = file.sks; path = LoginView.sks; sourceTree = "<group>"; };
		7583A5D62A6B36C5009E6554 /* LoginView.swift */ = {isa = PBXFileReference; lastKnownFileType = sourcecode.swift; path = LoginView.swift; sourceTree = "<group>"; };
/* End PBXFileReference section */

/* Begin PBXFrameworksBuildPhase section */
		7583A59B2A6721C8009E6554 /* Frameworks */ = {
			isa = PBXFrameworksBuildPhase;
			buildActionMask = 2147483647;
			files = (
				7583A5C22A6B2CBC009E6554 /* FirebaseAuth in Frameworks */,
			);
			runOnlyForDeploymentPostprocessing = 0;
		};
/* End PBXFrameworksBuildPhase section */

/* Begin PBXGroup section */
		7583A5952A6721C8009E6554 = {
			isa = PBXGroup;
			children = (
				7583A5A02A6721C8009E6554 /* AvocadoRun */,
				7583A59F2A6721C8009E6554 /* Products */,
			);
			sourceTree = "<group>";
		};
		7583A59F2A6721C8009E6554 /* Products */ = {
			isa = PBXGroup;
			children = (
				7583A59E2A6721C8009E6554 /* AvocadoRun.app */,
			);
			name = Products;
			sourceTree = "<group>";
		};
		7583A5A02A6721C8009E6554 /* AvocadoRun */ = {
			isa = PBXGroup;
			children = (
				7583A5C32A6B2FC9009E6554 /* Extensions */,
				7583A5A12A6721C8009E6554 /* AppDelegate.swift */,
				7583A5B82A672287009E6554 /* GameScene.sks */,
				7583A5A52A6721C8009E6554 /* Actions.sks */,
				7583A5A72A6721C8009E6554 /* GameScene.swift */,
				7583A5D22A6B3603009E6554 /* LoginView.sks */,
				7583A5CA2A6B33AF009E6554 /* NewAccountView.swift */,
				7583A5D62A6B36C5009E6554 /* LoginView.swift */,
				7583A5A92A6721C8009E6554 /* GameViewController.swift */,
				7583A5CC2A6B33F4009E6554 /* InsideAppView.swift */,
				7583A5AB2A6721C8009E6554 /* Main.storyboard */,
				7583A5C62A6B31CA009E6554 /* GoogleService-Info.plist */,
				7583A5AE2A6721C9009E6554 /* Assets.xcassets */,
				7583A5B02A6721C9009E6554 /* LaunchScreen.storyboard */,
			);
			path = AvocadoRun;
			sourceTree = "<group>";
		};
		7583A5C32A6B2FC9009E6554 /* Extensions */ = {
			isa = PBXGroup;
			children = (
				7583A5C42A6B2FE9009E6554 /* String.swift */,
			);
			path = Extensions;
			sourceTree = "<group>";
		};
/* End PBXGroup section */

/* Begin PBXNativeTarget section */
		7583A59D2A6721C8009E6554 /* AvocadoRun */ = {
			isa = PBXNativeTarget;
			buildConfigurationList = 7583A5B52A6721C9009E6554 /* Build configuration list for PBXNativeTarget "AvocadoRun" */;
			buildPhases = (
				7583A59A2A6721C8009E6554 /* Sources */,
				7583A59B2A6721C8009E6554 /* Frameworks */,
				7583A59C2A6721C8009E6554 /* Resources */,
			);
			buildRules = (
			);
			dependencies = (
			);
			name = AvocadoRun;
			packageProductDependencies = (
				7583A5C12A6B2CBC009E6554 /* FirebaseAuth */,
			);
			productName = AvocadoRun;
			productReference = 7583A59E2A6721C8009E6554 /* AvocadoRun.app */;
			productType = "com.apple.product-type.application";
		};
/* End PBXNativeTarget section */

/* Begin PBXProject section */
		7583A5962A6721C8009E6554 /* Project object */ = {
			isa = PBXProject;
			attributes = {
				BuildIndependentTargetsInParallel = 1;
				LastSwiftUpdateCheck = 1430;
				LastUpgradeCheck = 1430;
				TargetAttributes = {
					7583A59D2A6721C8009E6554 = {
						CreatedOnToolsVersion = 14.3;
					};
				};
			};
			buildConfigurationList = 7583A5992A6721C8009E6554 /* Build configuration list for PBXProject "AvocadoRun" */;
			compatibilityVersion = "Xcode 14.0";
			developmentRegion = en;
			hasScannedForEncodings = 0;
			knownRegions = (
				en,
				Base,
			);
			mainGroup = 7583A5952A6721C8009E6554;
			packageReferences = (
				7583A5C02A6B2CBC009E6554 /* XCRemoteSwiftPackageReference "firebase-ios-sdk" */,
			);
			productRefGroup = 7583A59F2A6721C8009E6554 /* Products */;
			projectDirPath = "";
			projectRoot = "";
			targets = (
				7583A59D2A6721C8009E6554 /* AvocadoRun */,
			);
		};
/* End PBXProject section */

/* Begin PBXResourcesBuildPhase section */
		7583A59C2A6721C8009E6554 /* Resources */ = {
			isa = PBXResourcesBuildPhase;
			buildActionMask = 2147483647;
			files = (
				7583A5AD2A6721C8009E6554 /* Main.storyboard in Resources */,
				7583A5B92A672287009E6554 /* GameScene.sks in Resources */,
				7583A5AF2A6721C9009E6554 /* Assets.xcassets in Resources */,
				7583A5D32A6B3603009E6554 /* LoginView.sks in Resources */,
				7583A5B22A6721C9009E6554 /* LaunchScreen.storyboard in Resources */,
				7583A5A62A6721C8009E6554 /* Actions.sks in Resources */,
				7583A5C72A6B31CA009E6554 /* GoogleService-Info.plist in Resources */,
			);
			runOnlyForDeploymentPostprocessing = 0;
		};
/* End PBXResourcesBuildPhase section */

/* Begin PBXSourcesBuildPhase section */
		7583A59A2A6721C8009E6554 /* Sources */ = {
			isa = PBXSourcesBuildPhase;
			buildActionMask = 2147483647;
			files = (
				7583A5CD2A6B33F4009E6554 /* InsideAppView.swift in Sources */,
				7583A5D72A6B36C5009E6554 /* LoginView.swift in Sources */,
				7583A5A82A6721C8009E6554 /* GameScene.swift in Sources */,
				7583A5CB2A6B33AF009E6554 /* NewAccountView.swift in Sources */,
				7583A5AA2A6721C8009E6554 /* GameViewController.swift in Sources */,
				7583A5C52A6B2FE9009E6554 /* String.swift in Sources */,
				7583A5A22A6721C8009E6554 /* AppDelegate.swift in Sources */,
			);
			runOnlyForDeploymentPostprocessing = 0;
		};
/* End PBXSourcesBuildPhase section */

/* Begin PBXVariantGroup section */
		7583A5AB2A6721C8009E6554 /* Main.storyboard */ = {
			isa = PBXVariantGroup;
			children = (
				7583A5AC2A6721C8009E6554 /* Base */,
			);
			name = Main.storyboard;
			sourceTree = "<group>";
		};
		7583A5B02A6721C9009E6554 /* LaunchScreen.storyboard */ = {
			isa = PBXVariantGroup;
			children = (
				7583A5B12A6721C9009E6554 /* Base */,
			);
			name = LaunchScreen.storyboard;
			sourceTree = "<group>";
		};
/* End PBXVariantGroup section */

/* Begin XCBuildConfiguration section */
		7583A5B32A6721C9009E6554 /* Debug */ = {
			isa = XCBuildConfiguration;
			buildSettings = {
				ALWAYS_SEARCH_USER_PATHS = NO;
				CLANG_ANALYZER_NONNULL = YES;
				CLANG_ANALYZER_NUMBER_OBJECT_CONVERSION = YES_AGGRESSIVE;
				CLANG_CXX_LANGUAGE_STANDARD = "gnu++20";
				CLANG_ENABLE_MODULES = YES;
				CLANG_ENABLE_OBJC_ARC = YES;
				CLANG_ENABLE_OBJC_WEAK = YES;
				CLANG_WARN_BLOCK_CAPTURE_AUTORELEASING = YES;
				CLANG_WARN_BOOL_CONVERSION = YES;
				CLANG_WARN_COMMA = YES;
				CLANG_WARN_CONSTANT_CONVERSION = YES;
				CLANG_WARN_DEPRECATED_OBJC_IMPLEMENTATIONS = YES;
				CLANG_WARN_DIRECT_OBJC_ISA_USAGE = YES_ERROR;
				CLANG_WARN_DOCUMENTATION_COMMENTS = YES;
				CLANG_WARN_EMPTY_BODY = YES;
				CLANG_WARN_ENUM_CONVERSION = YES;
				CLANG_WARN_INFINITE_RECURSION = YES;
				CLANG_WARN_INT_CONVERSION = YES;
				CLANG_WARN_NON_LITERAL_NULL_CONVERSION = YES;
				CLANG_WARN_OBJC_IMPLICIT_RETAIN_SELF = YES;
				CLANG_WARN_OBJC_LITERAL_CONVERSION = YES;
				CLANG_WARN_OBJC_ROOT_CLASS = YES_ERROR;
				CLANG_WARN_QUOTED_INCLUDE_IN_FRAMEWORK_HEADER = YES;
				CLANG_WARN_RANGE_LOOP_ANALYSIS = YES;
				CLANG_WARN_STRICT_PROTOTYPES = YES;
				CLANG_WARN_SUSPICIOUS_MOVE = YES;
				CLANG_WARN_UNGUARDED_AVAILABILITY = YES_AGGRESSIVE;
				CLANG_WARN_UNREACHABLE_CODE = YES;
				CLANG_WARN__DUPLICATE_METHOD_MATCH = YES;
				COPY_PHASE_STRIP = NO;
				DEBUG_INFORMATION_FORMAT = dwarf;
				ENABLE_STRICT_OBJC_MSGSEND = YES;
				ENABLE_TESTABILITY = YES;
				GCC_C_LANGUAGE_STANDARD = gnu11;
				GCC_DYNAMIC_NO_PIC = NO;
				GCC_NO_COMMON_BLOCKS = YES;
				GCC_OPTIMIZATION_LEVEL = 0;
				GCC_PREPROCESSOR_DEFINITIONS = (
					"DEBUG=1",
					"$(inherited)",
				);
				GCC_WARN_64_TO_32_BIT_CONVERSION = YES;
				GCC_WARN_ABOUT_RETURN_TYPE = YES_ERROR;
				GCC_WARN_UNDECLARED_SELECTOR = YES;
				GCC_WARN_UNINITIALIZED_AUTOS = YES_AGGRESSIVE;
				GCC_WARN_UNUSED_FUNCTION = YES;
				GCC_WARN_UNUSED_VARIABLE = YES;
				IPHONEOS_DEPLOYMENT_TARGET = 16.4;
				MTL_ENABLE_DEBUG_INFO = INCLUDE_SOURCE;
				MTL_FAST_MATH = YES;
				ONLY_ACTIVE_ARCH = YES;
				SDKROOT = iphoneos;
				SWIFT_ACTIVE_COMPILATION_CONDITIONS = DEBUG;
				SWIFT_OPTIMIZATION_LEVEL = "-Onone";
			};
			name = Debug;
		};
		7583A5B42A6721C9009E6554 /* Release */ = {
			isa = XCBuildConfiguration;
			buildSettings = {
				ALWAYS_SEARCH_USER_PATHS = NO;
				CLANG_ANALYZER_NONNULL = YES;
				CLANG_ANALYZER_NUMBER_OBJECT_CONVERSION = YES_AGGRESSIVE;
				CLANG_CXX_LANGUAGE_STANDARD = "gnu++20";
				CLANG_ENABLE_MODULES = YES;
				CLANG_ENABLE_OBJC_ARC = YES;
				CLANG_ENABLE_OBJC_WEAK = YES;
				CLANG_WARN_BLOCK_CAPTURE_AUTORELEASING = YES;
				CLANG_WARN_BOOL_CONVERSION = YES;
				CLANG_WARN_COMMA = YES;
				CLANG_WARN_CONSTANT_CONVERSION = YES;
				CLANG_WARN_DEPRECATED_OBJC_IMPLEMENTATIONS = YES;
				CLANG_WARN_DIRECT_OBJC_ISA_USAGE = YES_ERROR;
				CLANG_WARN_DOCUMENTATION_COMMENTS = YES;
				CLANG_WARN_EMPTY_BODY = YES;
				CLANG_WARN_ENUM_CONVERSION = YES;
				CLANG_WARN_INFINITE_RECURSION = YES;
				CLANG_WARN_INT_CONVERSION = YES;
				CLANG_WARN_NON_LITERAL_NULL_CONVERSION = YES;
				CLANG_WARN_OBJC_IMPLICIT_RETAIN_SELF = YES;
				CLANG_WARN_OBJC_LITERAL_CONVERSION = YES;
				CLANG_WARN_OBJC_ROOT_CLASS = YES_ERROR;
				CLANG_WARN_QUOTED_INCLUDE_IN_FRAMEWORK_HEADER = YES;
				CLANG_WARN_RANGE_LOOP_ANALYSIS = YES;
				CLANG_WARN_STRICT_PROTOTYPES = YES;
				CLANG_WARN_SUSPICIOUS_MOVE = YES;
				CLANG_WARN_UNGUARDED_AVAILABILITY = YES_AGGRESSIVE;
				CLANG_WARN_UNREACHABLE_CODE = YES;
				CLANG_WARN__DUPLICATE_METHOD_MATCH = YES;
				COPY_PHASE_STRIP = NO;
				DEBUG_INFORMATION_FORMAT = "dwarf-with-dsym";
				ENABLE_NS_ASSERTIONS = NO;
				ENABLE_STRICT_OBJC_MSGSEND = YES;
				GCC_C_LANGUAGE_STANDARD = gnu11;
				GCC_NO_COMMON_BLOCKS = YES;
				GCC_WARN_64_TO_32_BIT_CONVERSION = YES;
				GCC_WARN_ABOUT_RETURN_TYPE = YES_ERROR;
				GCC_WARN_UNDECLARED_SELECTOR = YES;
				GCC_WARN_UNINITIALIZED_AUTOS = YES_AGGRESSIVE;
				GCC_WARN_UNUSED_FUNCTION = YES;
				GCC_WARN_UNUSED_VARIABLE = YES;
				IPHONEOS_DEPLOYMENT_TARGET = 16.4;
				MTL_ENABLE_DEBUG_INFO = NO;
				MTL_FAST_MATH = YES;
				SDKROOT = iphoneos;
				SWIFT_COMPILATION_MODE = wholemodule;
				SWIFT_OPTIMIZATION_LEVEL = "-O";
				VALIDATE_PRODUCT = YES;
			};
			name = Release;
		};
		7583A5B62A6721C9009E6554 /* Debug */ = {
			isa = XCBuildConfiguration;
			buildSettings = {
				ASSETCATALOG_COMPILER_APPICON_NAME = AppIcon;
				ASSETCATALOG_COMPILER_GLOBAL_ACCENT_COLOR_NAME = AccentColor;
				CODE_SIGN_STYLE = Automatic;
				CURRENT_PROJECT_VERSION = 1;
				GENERATE_INFOPLIST_FILE = YES;
				INFOPLIST_KEY_UIApplicationSupportsIndirectInputEvents = YES;
				INFOPLIST_KEY_UILaunchStoryboardName = LaunchScreen;
				INFOPLIST_KEY_UIMainStoryboardFile = Main;
				INFOPLIST_KEY_UIStatusBarHidden = YES;
				INFOPLIST_KEY_UISupportedInterfaceOrientations_iPad = "UIInterfaceOrientationPortrait UIInterfaceOrientationPortraitUpsideDown UIInterfaceOrientationLandscapeLeft UIInterfaceOrientationLandscapeRight";
				INFOPLIST_KEY_UISupportedInterfaceOrientations_iPhone = "UIInterfaceOrientationPortrait UIInterfaceOrientationLandscapeLeft UIInterfaceOrientationLandscapeRight";
				LD_RUNPATH_SEARCH_PATHS = (
					"$(inherited)",
					"@executable_path/Frameworks",
				);
				MARKETING_VERSION = 1.0;
				PRODUCT_BUNDLE_IDENTIFIER = ios.rw.fiu.edu.AvocadoRun;
				PRODUCT_NAME = "$(TARGET_NAME)";
				SWIFT_EMIT_LOC_STRINGS = YES;
				SWIFT_VERSION = 5.0;
				TARGETED_DEVICE_FAMILY = "1,2";
			};
			name = Debug;
		};
		7583A5B72A6721C9009E6554 /* Release */ = {
			isa = XCBuildConfiguration;
			buildSettings = {
				ASSETCATALOG_COMPILER_APPICON_NAME = AppIcon;
				ASSETCATALOG_COMPILER_GLOBAL_ACCENT_COLOR_NAME = AccentColor;
				CODE_SIGN_STYLE = Automatic;
				CURRENT_PROJECT_VERSION = 1;
				GENERATE_INFOPLIST_FILE = YES;
				INFOPLIST_KEY_UIApplicationSupportsIndirectInputEvents = YES;
				INFOPLIST_KEY_UILaunchStoryboardName = LaunchScreen;
				INFOPLIST_KEY_UIMainStoryboardFile = Main;
				INFOPLIST_KEY_UIStatusBarHidden = YES;
				INFOPLIST_KEY_UISupportedInterfaceOrientations_iPad = "UIInterfaceOrientationPortrait UIInterfaceOrientationPortraitUpsideDown UIInterfaceOrientationLandscapeLeft UIInterfaceOrientationLandscapeRight";
				INFOPLIST_KEY_UISupportedInterfaceOrientations_iPhone = "UIInterfaceOrientationPortrait UIInterfaceOrientationLandscapeLeft UIInterfaceOrientationLandscapeRight";
				LD_RUNPATH_SEARCH_PATHS = (
					"$(inherited)",
					"@executable_path/Frameworks",
				);
				MARKETING_VERSION = 1.0;
				PRODUCT_BUNDLE_IDENTIFIER = ios.rw.fiu.edu.AvocadoRun;
				PRODUCT_NAME = "$(TARGET_NAME)";
				SWIFT_EMIT_LOC_STRINGS = YES;
				SWIFT_VERSION = 5.0;
				TARGETED_DEVICE_FAMILY = "1,2";
			};
			name = Release;
		};
/* End XCBuildConfiguration section */

/* Begin XCConfigurationList section */
		7583A5992A6721C8009E6554 /* Build configuration list for PBXProject "AvocadoRun" */ = {
			isa = XCConfigurationList;
			buildConfigurations = (
				7583A5B32A6721C9009E6554 /* Debug */,
				7583A5B42A6721C9009E6554 /* Release */,
			);
			defaultConfigurationIsVisible = 0;
			defaultConfigurationName = Release;
		};
		7583A5B52A6721C9009E6554 /* Build configuration list for PBXNativeTarget "AvocadoRun" */ = {
			isa = XCConfigurationList;
			buildConfigurations = (
				7583A5B62A6721C9009E6554 /* Debug */,
				7583A5B72A6721C9009E6554 /* Release */,
			);
			defaultConfigurationIsVisible = 0;
			defaultConfigurationName = Release;
		};
/* End XCConfigurationList section */

/* Begin XCRemoteSwiftPackageReference section */
		7583A5C02A6B2CBC009E6554 /* XCRemoteSwiftPackageReference "firebase-ios-sdk" */ = {
			isa = XCRemoteSwiftPackageReference;
			repositoryURL = "https://github.com/firebase/firebase-ios-sdk";
			requirement = {
				kind = upToNextMajorVersion;
				minimumVersion = 10.0.0;
			};
		};
/* End XCRemoteSwiftPackageReference section */

/* Begin XCSwiftPackageProductDependency section */
		7583A5C12A6B2CBC009E6554 /* FirebaseAuth */ = {
			isa = XCSwiftPackageProductDependency;
			package = 7583A5C02A6B2CBC009E6554 /* XCRemoteSwiftPackageReference "firebase-ios-sdk" */;
			productName = FirebaseAuth;
		};
/* End XCSwiftPackageProductDependency section */
	};
	rootObject = 7583A5962A6721C8009E6554 /* Project object */;
}
